
Microsoft Visual Studio Solution File, Format Version 12.00
# Visual Studio 2013
VisualStudioVersion = 12.0.21005.1
MinimumVisualStudioVersion = 10.0.40219.1
Project("{FAE04EC0-301F-11D3-BF4B-00C04F79EFBC}") = "Projeto.Final.Senai.VIEW", "Projeto.Final.Senai.VIEW\Projeto.Final.Senai.VIEW.csproj", "{57F01EA4-9649-4C95-B5E7-22EE81B7F32F}"
EndProject
Project("{FAE04EC0-301F-11D3-BF4B-00C04F79EFBC}") = "Projeto.Final.Senai.MODEL", "Projeto.Final.Senai.MODEL\Projeto.Final.Senai.MODEL.csproj", "{C910A76B-EB39-4F80-A9EC-94BD5F3112F9}"
EndProject
Global
	GlobalSection(SolutionConfigurationPlatforms) = preSolution
		Debug|Any CPU = Debug|Any CPU
		Release|Any CPU = Release|Any CPU
	EndGlobalSection
	GlobalSection(ProjectConfigurationPlatforms) = postSolution
		{57F01EA4-9649-4C95-B5E7-22EE81B7F32F}.Debug|Any CPU.ActiveCfg = Debug|Any CPU
		{57F01EA4-9649-4C95-B5E7-22EE81B7F32F}.Debug|Any CPU.Build.0 = Debug|Any CPU
		{57F01EA4-9649-4C95-B5E7-22EE81B7F32F}.Release|Any CPU.ActiveCfg = Release|Any CPU
		{57F01EA4-9649-4C95-B5E7-22EE81B7F32F}.Release|Any CPU.Build.0 = Release|Any CPU
		{C910A76B-EB39-4F80-A9EC-94BD5F3112F9}.Debug|Any CPU.ActiveCfg = Debug|Any CPU
		{C910A76B-EB39-4F80-A9EC-94BD5F3112F9}.Debug|Any CPU.Build.0 = Debug|Any CPU
		{C910A76B-EB39-4F80-A9EC-94BD5F3112F9}.Release|Any CPU.ActiveCfg = Release|Any CPU
		{C910A76B-EB39-4F80-A9EC-94BD5F3112F9}.Release|Any CPU.Build.0 = Release|Any CPU
	EndGlobalSection
	GlobalSection(SolutionProperties) = preSolution
		HideSolutionNode = FALSE
	EndGlobalSection
EndGlobal
